// !$*UTF8*$!
{
	archiveVersion = 1;
	classes = {
	};
	objectVersion = 46;
	objects = {

/* Begin PBXBuildFile section */
		66C5CD5D1E63682A00A1431C /* main.m in Sources */ = {isa = PBXBuildFile; fileRef = 66C5CD5C1E63682A00A1431C /* main.m */; };
		66C5CD601E63682A00A1431C /* AppDelegate.m in Sources */ = {isa = PBXBuildFile; fileRef = 66C5CD5F1E63682A00A1431C /* AppDelegate.m */; };
		66C5CD631E63682A00A1431C /* ViewController.m in Sources */ = {isa = PBXBuildFile; fileRef = 66C5CD621E63682A00A1431C /* ViewController.m */; };
		66C5CD661E63682A00A1431C /* Main.storyboard in Resources */ = {isa = PBXBuildFile; fileRef = 66C5CD641E63682A00A1431C /* Main.storyboard */; };
		66C5CD681E63682A00A1431C /* Assets.xcassets in Resources */ = {isa = PBXBuildFile; fileRef = 66C5CD671E63682A00A1431C /* Assets.xcassets */; };
		66C5CD6B1E63682A00A1431C /* LaunchScreen.storyboard in Resources */ = {isa = PBXBuildFile; fileRef = 66C5CD691E63682A00A1431C /* LaunchScreen.storyboard */; };
/* End PBXBuildFile section */

/* Begin PBXFileReference section */
		66C5CD581E63682A00A1431C /* Testing1.app */ = {isa = PBXFileReference; explicitFileType = wrapper.application; includeInIndex = 0; path = Testing1.app; sourceTree = BUILT_PRODUCTS_DIR; };
		66C5CD5C1E63682A00A1431C /* main.m */ = {isa = PBXFileReference; lastKnownFileType = sourcecode.c.objc; path = main.m; sourceTree = "<group>"; };
		66C5CD5E1E63682A00A1431C /* AppDelegate.h */ = {isa = PBXFileReference; lastKnownFileType = sourcecode.c.h; path = AppDelegate.h; sourceTree = "<group>"; };
		66C5CD5F1E63682A00A1431C /* AppDelegate.m */ = {isa = PBXFileReference; lastKnownFileType = sourcecode.c.objc; path = AppDelegate.m; sourceTree = "<group>"; };
		66C5CD611E63682A00A1431C /* ViewController.h */ = {isa = PBXFileReference; lastKnownFileType = sourcecode.c.h; path = ViewController.h; sourceTree = "<group>"; };
		66C5CD621E63682A00A1431C /* ViewController.m */ = {isa = PBXFileReference; lastKnownFileType = sourcecode.c.objc; path = ViewController.m; sourceTree = "<group>"; };
		66C5CD651E63682A00A1431C /* Base */ = {isa = PBXFileReference; lastKnownFileType = file.storyboard; name = Base; path = Base.lproj/Main.storyboard; sourceTree = "<group>"; };
		66C5CD671E63682A00A1431C /* Assets.xcassets */ = {isa = PBXFileReference; lastKnownFileType = folder.assetcatalog; path = Assets.xcassets; sourceTree = "<group>"; };
		66C5CD6A1E63682A00A1431C /* Base */ = {isa = PBXFileReference; lastKnownFileType = file.storyboard; name = Base; path = Base.lproj/LaunchScreen.storyboard; sourceTree = "<group>"; };
		66C5CD6C1E63682A00A1431C /* Info.plist */ = {isa = PBXFileReference; lastKnownFileType = text.plist.xml; path = Info.plist; sourceTree = "<group>"; };
/* End PBXFileReference section */

/* Begin PBXFrameworksBuildPhase section */
		66C5CD551E63682A00A1431C /* Frameworks */ = {
			isa = PBXFrameworksBuildPhase;
			buildActionMask = 2147483647;
			files = (
			);
			runOnlyForDeploymentPostprocessing = 0;
		};
/* End PBXFrameworksBuildPhase section */

/* Begin PBXGroup section */
		66C5CD4F1E63682A00A1431C = {
			isa = PBXGroup;
			children = (
				66C5CD5A1E63682A00A1431C /* Testing1 */,
				66C5CD591E63682A00A1431C /* Products */,
			);
			sourceTree = "<group>";
		};
		66C5CD591E63682A00A1431C /* Products */ = {
			isa = PBXGroup;
			children = (
				66C5CD581E63682A00A1431C /* Testing1.app */,
			);
			name = Products;
			sourceTree = "<group>";
		};
		66C5CD5A1E63682A00A1431C /* Testing1 */ = {
			isa = PBXGroup;
			children = (
				66C5CD5E1E63682A00A1431C /* AppDelegate.h */,
				66C5CD5F1E63682A00A1431C /* AppDelegate.m */,
				66C5CD611E63682A00A1431C /* ViewController.h */,
				66C5CD621E63682A00A1431C /* ViewController.m */,
				66C5CD641E63682A00A1431C /* Main.storyboard */,
				66C5CD671E63682A00A1431C /* Assets.xcassets */,
				66C5CD691E63682A00A1431C /* LaunchScreen.storyboard */,
				66C5CD6C1E63682A00A1431C /* Info.plist */,
				66C5CD5B1E63682A00A1431C /* Supporting Files */,
			);
			path = Testing1;
			sourceTree = "<group>";
		};
		66C5CD5B1E63682A00A1431C /* Supporting Files */ = {
			isa = PBXGroup;
			children = (
				66C5CD5C1E63682A00A1431C /* main.m */,
			);
			name = "Supporting Files";
			sourceTree = "<group>";
		};
/* End PBXGroup section */

/* Begin PBXNativeTarget section */
		66C5CD571E63682A00A1431C /* Testing1 */ = {
			isa = PBXNativeTarget;
			buildConfigurationList = 66C5CD6F1E63682A00A1431C /* Build configuration list for PBXNativeTarget "Testing1" */;
			buildPhases = (
				66C5CD541E63682A00A1431C /* Sources */,
				66C5CD551E63682A00A1431C /* Frameworks */,
				66C5CD561E63682A00A1431C /* Resources */,
			);
			buildRules = (
			);
			dependencies = (
			);
			name = Testing1;
			productName = Testing1;
			productReference = 66C5CD581E63682A00A1431C /* Testing1.app */;
			productType = "com.apple.product-type.application";
		};
/* End PBXNativeTarget section */

/* Begin PBXProject section */
		66C5CD501E63682A00A1431C /* Project object */ = {
			isa = PBXProject;
			attributes = {
				LastUpgradeCheck = 0820;
				ORGANIZATIONNAME = "Kasidi Bellanger";
				TargetAttributes = {
					66C5CD571E63682A00A1431C = {
						CreatedOnToolsVersion = 8.2.1;
						ProvisioningStyle = Automatic;
					};
				};
			};
			buildConfigurationList = 66C5CD531E63682A00A1431C /* Build configuration list for PBXProject "Testing1" */;
			compatibilityVersion = "Xcode 3.2";
			developmentRegion = English;
			hasScannedForEncodings = 0;
			knownRegions = (
				en,
				Base,
			);
			mainGroup = 66C5CD4F1E63682A00A1431C;
			productRefGroup = 66C5CD591E63682A00A1431C /* Products */;
			projectDirPath = "";
			projectRoot = "";
			targets = (
				66C5CD571E63682A00A1431C /* Testing1 */,
			);
		};
/* End PBXProject section */

/* Begin PBXResourcesBuildPhase section */
		66C5CD561E63682A00A1431C /* Resources */ = {
			isa = PBXResourcesBuildPhase;
			buildActionMask = 2147483647;
			files = (
				66C5CD6B1E63682A00A1431C /* LaunchScreen.storyboard in Resources */,
				66C5CD681E63682A00A1431C /* Assets.xcassets in Resources */,
				66C5CD661E63682A00A1431C /* Main.storyboard in Resources */,
			);
			runOnlyForDeploymentPostprocessing = 0;
		};
/* End PBXResourcesBuildPhase section */

/* Begin PBXSourcesBuildPhase section */
		66C5CD541E63682A00A1431C /* Sources */ = {
			isa = PBXSourcesBuildPhase;
			buildActionMask = 2147483647;
			files = (
				66C5CD631E63682A00A1431C /* ViewController.m in Sources */,
				66C5CD601E63682A00A1431C /* AppDelegate.m in Sources */,
				66C5CD5D1E63682A00A1431C /* main.m in Sources */,
			);
			runOnlyForDeploymentPostprocessing = 0;
		};
/* End PBXSourcesBuildPhase section */

/* Begin PBXVariantGroup section */
		66C5CD641E63682A00A1431C /* Main.storyboard */ = {
			isa = PBXVariantGroup;
			children = (
				66C5CD651E63682A00A1431C /* Base */,
			);
			name = Main.storyboard;
			sourceTree = "<group>";
		};
		66C5CD691E63682A00A1431C /* LaunchScreen.storyboard */ = {
			isa = PBXVariantGroup;
			children = (
				66C5CD6A1E63682A00A1431C /* Base */,
			);
			name = LaunchScreen.storyboard;
			sourceTree = "<group>";
		};
/* End PBXVariantGroup section */

/* Begin XCBuildConfiguration section */
		66C5CD6D1E63682A00A1431C /* Debug */ = {
			isa = XCBuildConfiguration;
			buildSettings = {
				ALWAYS_SEARCH_USER_PATHS = NO;
				CLANG_ANALYZER_NONNULL = YES;
				CLANG_CXX_LANGUAGE_STANDARD = "gnu++0x";
				CLANG_CXX_LIBRARY = "libc++";
				CLANG_ENABLE_MODULES = YES;
				CLANG_ENABLE_OBJC_ARC = YES;
				CLANG_WARN_BOOL_CONVERSION = YES;
				CLANG_WARN_CONSTANT_CONVERSION = YES;
				CLANG_WARN_DIRECT_OBJC_ISA_USAGE = YES_ERROR;
				CLANG_WARN_DOCUMENTATION_COMMENTS = YES;
				CLANG_WARN_EMPTY_BODY = YES;
				CLANG_WARN_ENUM_CONVERSION = YES;
				CLANG_WARN_INFINITE_RECURSION = YES;
				CLANG_WARN_INT_CONVERSION = YES;
				CLANG_WARN_OBJC_ROOT_CLASS = YES_ERROR;
				CLANG_WARN_SUSPICIOUS_MOVE = YES;
				CLANG_WARN_UNREACHABLE_CODE = YES;
				CLANG_WARN__DUPLICATE_METHOD_MATCH = YES;
				"CODE_SIGN_IDENTITY[sdk=iphoneos*]" = "iPhone Developer";
				COPY_PHASE_STRIP = NO;
				DEBUG_INFORMATION_FORMAT = dwarf;
				ENABLE_STRICT_OBJC_MSGSEND = YES;
				ENABLE_TESTABILITY = YES;
				GCC_C_LANGUAGE_STANDARD = gnu99;
				GCC_DYNAMIC_NO_PIC = NO;
				GCC_NO_COMMON_BLOCKS = YES;
				GCC_OPTIMIZATION_LEVEL = 0;
				GCC_PREPROCESSOR_DEFINITIONS = (
					"DEBUG=1",
					"$(inherited)",
				);
				GCC_WARN_64_TO_32_BIT_CONVERSION = YES;
				GCC_WARN_ABOUT_RETURN_TYPE = YES_ERROR;
				GCC_WARN_UNDECLARED_SELECTOR = YES;
				GCC_WARN_UNINITIALIZED_AUTOS = YES_AGGRESSIVE;
				GCC_WARN_UNUSED_FUNCTION = YES;
				GCC_WARN_UNUSED_VARIABLE = YES;
				IPHONEOS_DEPLOYMENT_TARGET = 10.2;
				MTL_ENABLE_DEBUG_INFO = YES;
				ONLY_ACTIVE_ARCH = YES;
				SDKROOT = iphoneos;
				TARGETED_DEVICE_FAMILY = "1,2";
			};
			name = Debug;
		};
		66C5CD6E1E63682A00A1431C /* Release */ = {
			isa = XCBuildConfiguration;
			buildSettings = {
				ALWAYS_SEARCH_USER_PATHS = NO;
				CLANG_ANALYZER_NONNULL = YES;
				CLANG_CXX_LANGUAGE_STANDARD = "gnu++0x";
				CLANG_CXX_LIBRARY = "libc++";
				CLANG_ENABLE_MODULES = YES;
				CLANG_ENABLE_OBJC_ARC = YES;
				CLANG_WARN_BOOL_CONVERSION = YES;
				CLANG_WARN_CONSTANT_CONVERSION = YES;
				CLANG_WARN_DIRECT_OBJC_ISA_USAGE = YES_ERROR;
				CLANG_WARN_DOCUMENTATION_COMMENTS = YES;
				CLANG_WARN_EMPTY_BODY = YES;
				CLANG_WARN_ENUM_CONVERSION = YES;
				CLANG_WARN_INFINITE_RECURSION = YES;
				CLANG_WARN_INT_CONVERSION = YES;
				CLANG_WARN_OBJC_ROOT_CLASS = YES_ERROR;
				CLANG_WARN_SUSPICIOUS_MOVE = YES;
				CLANG_WARN_UNREACHABLE_CODE = YES;
				CLANG_WARN__DUPLICATE_METHOD_MATCH = YES;
				"CODE_SIGN_IDENTITY[sdk=iphoneos*]" = "iPhone Developer";
				COPY_PHASE_STRIP = NO;
				DEBUG_INFORMATION_FORMAT = "dwarf-with-dsym";
				ENABLE_NS_ASSERTIONS = NO;
				ENABLE_STRICT_OBJC_MSGSEND = YES;
				GCC_C_LANGUAGE_STANDARD = gnu99;
				GCC_NO_COMMON_BLOCKS = YES;
				GCC_WARN_64_TO_32_BIT_CONVERSION = YES;
				GCC_WARN_ABOUT_RETURN_TYPE = YES_ERROR;
				GCC_WARN_UNDECLARED_SELECTOR = YES;
				GCC_WARN_UNINITIALIZED_AUTOS = YES_AGGRESSIVE;
				GCC_WARN_UNUSED_FUNCTION = YES;
				GCC_WARN_UNUSED_VARIABLE = YES;
				IPHONEOS_DEPLOYMENT_TARGET = 10.2;
				MTL_ENABLE_DEBUG_INFO = NO;
				SDKROOT = iphoneos;
				TARGETED_DEVICE_FAMILY = "1,2";
				VALIDATE_PRODUCT = YES;
			};
			name = Release;
		};
		66C5CD701E63682A00A1431C /* Debug */ = {
			isa = XCBuildConfiguration;
			buildSettings = {
				ASSETCATALOG_COMPILER_APPICON_NAME = AppIcon;
				INFOPLIST_FILE = Testing1/Info.plist;
				LD_RUNPATH_SEARCH_PATHS = "$(inherited) @executable_path/Frameworks";
				PRODUCT_BUNDLE_IDENTIFIER = com.Codesignit.Testing1;
				PRODUCT_NAME = "$(TARGET_NAME)";
			};
			name = Debug;
		};
		66C5CD711E63682A00A1431C /* Release */ = {
			isa = XCBuildConfiguration;
			buildSettings = {
				ASSETCATALOG_COMPILER_APPICON_NAME = AppIcon;
				INFOPLIST_FILE = Testing1/Info.plist;
				LD_RUNPATH_SEARCH_PATHS = "$(inherited) @executable_path/Frameworks";
				PRODUCT_BUNDLE_IDENTIFIER = com.Codesignit.Testing1;
				PRODUCT_NAME = "$(TARGET_NAME)";
			};
			name = Release;
		};
/* End XCBuildConfiguration section */

/* Begin XCConfigurationList section */
		66C5CD531E63682A00A1431C /* Build configuration list for PBXProject "Testing1" */ = {
			isa = XCConfigurationList;
			buildConfigurations = (
				66C5CD6D1E63682A00A1431C /* Debug */,
				66C5CD6E1E63682A00A1431C /* Release */,
			);
			defaultConfigurationIsVisible = 0;
			defaultConfigurationName = Release;
		};
		66C5CD6F1E63682A00A1431C /* Build configuration list for PBXNativeTarget "Testing1" */ = {
			isa = XCConfigurationList;
			buildConfigurations = (
				66C5CD701E63682A00A1431C /* Debug */,
				66C5CD711E63682A00A1431C /* Release */,
			);
			defaultConfigurationIsVisible = 0;
		};
/* End XCConfigurationList section */
	};
	rootObject = 66C5CD501E63682A00A1431C /* Project object */;
}
